
Microsoft Visual Studio Solution File, Format Version 12.00
# Visual Studio Version 16
VisualStudioVersion = 16.0.29403.142
MinimumVisualStudioVersion = 10.0.40219.1
Project("{FAE04EC0-301F-11D3-BF4B-00C04F79EFBC}") = "PuppeteerSharp.Extra", "PuppeteerSharp.Extra\PuppeteerSharp.Extra.csproj", "{D2674EB3-D363-4897-B02F-EFE77F84B49D}"
EndProject
Global
	GlobalSection(SolutionConfigurationPlatforms) = preSolution
		Debug|Any CPU = Debug|Any CPU
		Release|Any CPU = Release|Any CPU
	EndGlobalSection
	GlobalSection(ProjectConfigurationPlatforms) = postSolution
		{D2674EB3-D363-4897-B02F-EFE77F84B49D}.Debug|Any CPU.ActiveCfg = Debug|Any CPU
		{D2674EB3-D363-4897-B02F-EFE77F84B49D}.Debug|Any CPU.Build.0 = Debug|Any CPU
		{D2674EB3-D363-4897-B02F-EFE77F84B49D}.Release|Any CPU.ActiveCfg = Release|Any CPU
		{D2674EB3-D363-4897-B02F-EFE77F84B49D}.Release|Any CPU.Build.0 = Release|Any CPU
	EndGlobalSection
	GlobalSection(SolutionProperties) = preSolution
		HideSolutionNode = FALSE
	EndGlobalSection
	GlobalSection(ExtensibilityGlobals) = postSolution
		SolutionGuid = {258C402E-B35A-4FC3-9764-7A056C4591BA}
	EndGlobalSection
EndGlobal
